
Microsoft Visual Studio Solution File, Format Version 12.00
# Visual Studio Version 17
VisualStudioVersion = 17.0.31521.260
MinimumVisualStudioVersion = 10.0.40219.1
Project("{9A19103F-16F7-4668-BE54-9A1E7A4F7556}") = "Innovt.Core", "Innovt.Core\Innovt.Core.csproj", "{09BE969B-3913-4220-9F38-ECF884F69E39}"
EndProject
Project("{9A19103F-16F7-4668-BE54-9A1E7A4F7556}") = "Innovt.Domain", "Innovt.Domain\Innovt.Domain.csproj", "{EDACD1AA-5261-4036-882F-A6906B95FA0C}"
EndProject
Project("{9A19103F-16F7-4668-BE54-9A1E7A4F7556}") = "Innovt.Data", "Innovt.Data\Innovt.Data.csproj", "{2EBC958D-8139-4DD8-8373-22B06BDC508F}"
EndProject
Project("{9A19103F-16F7-4668-BE54-9A1E7A4F7556}") = "Innovt.Data.Ado", "Innovt.Data.Ado\Innovt.Data.Ado.csproj", "{1CA08AC6-F448-48F5-BF04-F3D750AA7C94}"
EndProject
Project("{9A19103F-16F7-4668-BE54-9A1E7A4F7556}") = "Innovt.Cqrs", "Innovt.Cqrs\Innovt.Cqrs.csproj", "{E72D25B5-0698-4850-8E74-981D7FB60BD2}"
EndProject
Project("{9A19103F-16F7-4668-BE54-9A1E7A4F7556}") = "Innovt.Cloud.AWS", "Innovt.Cloud.AWS\Innovt.Cloud.AWS.csproj", "{00B91C17-A085-4D3D-B48C-7F4A0C674CA9}"
EndProject
Project("{9A19103F-16F7-4668-BE54-9A1E7A4F7556}") = "Innovt.CrossCutting.Log.Serilog", "Innovt.CrossCutting.Log.Serilog\Innovt.CrossCutting.Log.Serilog.csproj", "{836975DB-AB1A-42FF-8D0F-A1F891B245E3}"
EndProject
Project("{9A19103F-16F7-4668-BE54-9A1E7A4F7556}") = "Innovt.Data.EFCore", "Innovt.Data.EFCore\Innovt.Data.EFCore.csproj", "{3454DC49-83DA-4DBB-BE59-0C80BD58CD53}"
EndProject
Project("{9A19103F-16F7-4668-BE54-9A1E7A4F7556}") = "Innovt.Cloud.AWS.Lambda", "Innovt.Cloud.AWS.Lambda\Innovt.Cloud.AWS.Lambda.csproj", "{53383E96-80B1-4852-97BA-DCA2054C4F45}"
EndProject
Project("{9A19103F-16F7-4668-BE54-9A1E7A4F7556}") = "Innovt.Data.Migration", "Innovt.Data.Migration\Innovt.Data.Migration.csproj", "{65F32125-25A0-45BB-9F4E-73D002475D09}"
EndProject
Project("{9A19103F-16F7-4668-BE54-9A1E7A4F7556}") = "Innovt.Cloud", "Innovt.Cloud\Innovt.Cloud.csproj", "{5963AD84-4414-4356-83D9-E7B16538479B}"
EndProject
Project("{9A19103F-16F7-4668-BE54-9A1E7A4F7556}") = "Innovt.Notification.Core", "Innovt.Notification.Core\Innovt.Notification.Core.csproj", "{FBE5777D-DDDC-4945-8110-8AFF3F26E976}"
EndProject
Project("{9A19103F-16F7-4668-BE54-9A1E7A4F7556}") = "Innovt.Job.Core", "Innovt.Job.Core\Innovt.Job.Core.csproj", "{E9C882D2-E87F-4380-B6D8-B4DF0106F616}"
EndProject
Project("{9A19103F-16F7-4668-BE54-9A1E7A4F7556}") = "Innovt.Job.Quartz", "Innovt.Job.Quartz\Innovt.Job.Quartz.csproj", "{4692D95D-3D91-4822-8785-AB4744158931}"
EndProject
Project("{9A19103F-16F7-4668-BE54-9A1E7A4F7556}") = "Innovt.AspNetCore", "Innovt.AspNetCore\Innovt.AspNetCore.csproj", "{05B83B02-0316-4E39-A24C-A353A93D90AA}"
EndProject
Project("{9A19103F-16F7-4668-BE54-9A1E7A4F7556}") = "Innovt.Cloud.AWS.Cognito", "Innovt.Cloud.AWS.Cognito\Innovt.Cloud.AWS.Cognito.csproj", "{AA3F888D-0A7A-46D5-94B3-6CFA6FD4D90F}"
EndProject
Project("{9A19103F-16F7-4668-BE54-9A1E7A4F7556}") = "Innovt.Cloud.AWS.Dynamo", "Innovt.Cloud.AWS.Dynamo\Innovt.Cloud.AWS.Dynamo.csproj", "{970864DA-4D0D-480A-83AF-6A835479A660}"
EndProject
Project("{9A19103F-16F7-4668-BE54-9A1E7A4F7556}") = "Innovt.Cloud.AWS.S3", "Innovt.Cloud.AWS.S3\Innovt.Cloud.AWS.S3.csproj", "{0EFEF216-E77E-4ACF-A5AE-1F48CBF2D78A}"
EndProject
Project("{2150E333-8FDC-42A3-9474-1A3956D46DE8}") = "AWS", "AWS", "{EA0C6A75-5EFC-4F7F-9E13-EB63F17ECF1E}"
EndProject
Project("{9A19103F-16F7-4668-BE54-9A1E7A4F7556}") = "Innovt.Cloud.AWS.SQS", "Innovt.Cloud.AWS.SQS\Innovt.Cloud.AWS.SQS.csproj", "{06DBACED-A617-4AAD-9A52-4F4E9F2D0E68}"
EndProject
Project("{9A19103F-16F7-4668-BE54-9A1E7A4F7556}") = "Innovt.Cloud.AWS.Notification", "Innovt.Cloud.AWS.Notification\Innovt.Cloud.AWS.Notification.csproj", "{B879A20F-00A8-425F-9AA5-7FFC76692D2C}"
EndProject
Project("{9A19103F-16F7-4668-BE54-9A1E7A4F7556}") = "Innovt.Core.Test", "Innovt.Core.Test\Innovt.Core.Test.csproj", "{BE2AAA90-CEA2-443C-9532-E78D9BFEAC5A}"
EndProject
Project("{2150E333-8FDC-42A3-9474-1A3956D46DE8}") = "Data", "Data", "{73AB5E44-F76F-42C7-9E9A-D9F9FFDAE8E6}"
EndProject
Project("{2150E333-8FDC-42A3-9474-1A3956D46DE8}") = "Core", "Core", "{2EBEF763-4589-48F5-AC67-69247ECD5A62}"
EndProject
Project("{9A19103F-16F7-4668-BE54-9A1E7A4F7556}") = "Innovt.Data.Ado.Tests", "Innovt.Data.Ado.Tests\Innovt.Data.Ado.Tests.csproj", "{5D7921EC-9058-4AE0-A2CB-6AE56CBDE7F5}"
EndProject
Project("{9A19103F-16F7-4668-BE54-9A1E7A4F7556}") = "Innovt.CrossCutting.IOC", "Innovt.CrossCutting.IOC\Innovt.CrossCutting.IOC.csproj", "{C1AB0DDF-D970-44B5-81DB-53FCBA3AE395}"
EndProject
Project("{9A19103F-16F7-4668-BE54-9A1E7A4F7556}") = "Innovt.Cloud.AWS.Kinesis", "Innovt.Cloud.AWS.Kinesis\Innovt.Cloud.AWS.Kinesis.csproj", "{CFFD22BB-F6BB-48D2-BE63-94A48FF877D6}"
EndProject
Project("{2150E333-8FDC-42A3-9474-1A3956D46DE8}") = "Lambda", "Lambda", "{ECD92DFF-5A6C-44D1-B3B4-F5CEE1E879B0}"
EndProject
Project("{9A19103F-16F7-4668-BE54-9A1E7A4F7556}") = "Innovt.Cloud.AWS.Lambda.Kinesis", "Innovt.Cloud.AWS.Lambda.Kinesis\Innovt.Cloud.AWS.Lambda.Kinesis.csproj", "{58D4FAFA-54BA-44B8-8864-1E8D5E45F750}"
EndProject
Project("{9A19103F-16F7-4668-BE54-9A1E7A4F7556}") = "Innovt.Cloud.AWS.Lambda.Sqs", "Innovt.Cloud.AWS.Lambda.Sqs\Innovt.Cloud.AWS.Lambda.Sqs.csproj", "{4C1B7BA2-B244-433F-9951-B04C279B0275}"
EndProject
Project("{9A19103F-16F7-4668-BE54-9A1E7A4F7556}") = "Innovt.Cloud.AWS.Lambda.S3", "Innovt.Cloud.AWS.Lambda.S3\Innovt.Cloud.AWS.Lambda.S3.csproj", "{FA4402A2-18F0-4AB9-AADA-9CA6D055D9A5}"
EndProject
Project("{9A19103F-16F7-4668-BE54-9A1E7A4F7556}") = "Innovt.Domain.Core", "Innovt.Domain.Core\Innovt.Domain.Core.csproj", "{6FA99C73-D528-4CB3-9B48-B808EE1BEB66}"
EndProject
Project("{2150E333-8FDC-42A3-9474-1A3956D46DE8}") = "Domain", "Domain", "{2E2BD745-61C0-449D-93C2-EF43F8D7E640}"
EndProject
Project("{2150E333-8FDC-42A3-9474-1A3956D46DE8}") = ".build", ".build", "{43B9B336-E801-4F68-BF06-E8F7C538CD7B}"
EndProject
Project("{9A19103F-16F7-4668-BE54-9A1E7A4F7556}") = "_build", "..\build\_build.csproj", "{D1B5CE26-DEE7-409A-9243-FBD526C8632D}"
EndProject
Project("{2150E333-8FDC-42A3-9474-1A3956D46DE8}") = ".tests", ".tests", "{B9D67F90-4165-4986-AA52-9E30F64013D9}"
EndProject
Project("{9A19103F-16F7-4668-BE54-9A1E7A4F7556}") = "Innovt.Cloud.AWS.Dynamo.Tests", "Innovt.Cloud.AWS.Dynamo.Tests\Innovt.Cloud.AWS.Dynamo.Tests.csproj", "{B2305000-D0E2-4514-B792-BE05908BA10A}"
EndProject
Project("{2150E333-8FDC-42A3-9474-1A3956D46DE8}") = ".docs", ".docs", "{20C03968-5CA7-4B66-BCAC-2549FCE7DA48}"
EndProject
Project("{2150E333-8FDC-42A3-9474-1A3956D46DE8}") = "AspNet", "AspNet", "{E4691D09-94FB-47D1-9EBA-550A6649178C}"
EndProject
Project("{9A19103F-16F7-4668-BE54-9A1E7A4F7556}") = "Innovt.Cloud.AWS.Lambda.CustomRuntime", "Innovt.Cloud.AWS.Lambda.CustomRuntime\Innovt.Cloud.AWS.Lambda.CustomRuntime.csproj", "{59F66B5A-E0B0-41E7-BB2E-8263A094DCC8}"
EndProject
Project("{9A19103F-16F7-4668-BE54-9A1E7A4F7556}") = "Innovt.OpenTelemetry", "Innovt.OpenTelemetry\Innovt.OpenTelemetry.csproj", "{06CA419F-2646-42E4-8830-9CB5EC21A59E}"
EndProject
Project("{9A19103F-16F7-4668-BE54-9A1E7A4F7556}") = "Innovt.Cloud.AWS.Lambda.Kinesis.Tests", "Innovt.Cloud.AWS.Lambda.Kinesis.Tests\Innovt.Cloud.AWS.Lambda.Kinesis.Tests.csproj", "{06062B04-BE0B-4D77-BA77-52F80B545988}"
EndProject
Project("{9A19103F-16F7-4668-BE54-9A1E7A4F7556}") = "Innovt.Cloud.AWS.S3.Tests", "Innovt.Cloud.AWS.S3.Tests\Innovt.Cloud.AWS.S3.Tests.csproj", "{670D39C0-E037-41BC-B69F-6B961D441F06}"
EndProject
Project("{9A19103F-16F7-4668-BE54-9A1E7A4F7556}") = "Innovt.AspNetCore.Tests", "Innovt.AspNetCore.Tests\Innovt.AspNetCore.Tests.csproj", "{109306CD-F874-463D-9E09-DF895C4749B6}"
EndProject
Project("{2150E333-8FDC-42A3-9474-1A3956D46DE8}") = "Contrib", "Contrib", "{3255704B-38CE-4A2D-9E65-EEE1088A4EDE}"
EndProject
Project("{9A19103F-16F7-4668-BE54-9A1E7A4F7556}") = "Innovt.Contrib.AuthorizationRoles.AspNetCore", "..\contrib\Innovt.Contrib.Authorization\Innovt.Contrib.AuthorizationRoles.AspNetCore\Innovt.Contrib.AuthorizationRoles.AspNetCore.csproj", "{714DF605-4225-44AE-A557-F443305BEC71}"
EndProject
Project("{9A19103F-16F7-4668-BE54-9A1E7A4F7556}") = "Innovt.Contrib.Authorization.Platform", "..\contrib\Innovt.Contrib.Authorization\Innovt.Contrib.Authorization.Platform\Innovt.Contrib.Authorization.Platform.csproj", "{F7B6B8CC-395C-4C2F-98BC-2C5899800C7F}"
EndProject
Project("{9A19103F-16F7-4668-BE54-9A1E7A4F7556}") = "Innovt.Domain.Tests", "Innovt.Domain.Tests\Innovt.Domain.Tests.csproj", "{E66CD328-2137-4D6A-A8E1-EA421234EDA0}"
EndProject
Project("{9A19103F-16F7-4668-BE54-9A1E7A4F7556}") = "Innovt.Cloud.AWS.Cognito.Tests", "Innovt.Cloud.AWS.Cognito.Tests\Innovt.Cloud.AWS.Cognito.Tests.csproj", "{070C5E37-475D-4ACD-A704-0721BB43021F}"
EndProject
Project("{9A19103F-16F7-4668-BE54-9A1E7A4F7556}") = "Innovt.Cloud.AWS.Lambda.Tests", "Innovt.Cloud.AWS.Lambda.Tests\Innovt.Cloud.AWS.Lambda.Tests.csproj", "{3941521E-AA9E-4044-B97B-83E1C286924B}"
EndProject
Project("{9A19103F-16F7-4668-BE54-9A1E7A4F7556}") = "Innovt.CrossCutting.Log.Serilog.Tests", "Innovt.CrossCutting.Log.Serilog.Tests\Innovt.CrossCutting.Log.Serilog.Tests.csproj", "{2849F4A7-0001-47CB-8BA9-650994BB8E83}"
EndProject
Project("{9A19103F-16F7-4668-BE54-9A1E7A4F7556}") = "Innovt.Data.EFCore.Oracle", "Innovt.Data.EFCore.Oracle\Innovt.Data.EFCore.Oracle.csproj", "{4755EB3C-9AF8-4FCC-A463-C7F8311850B8}"
EndProject
Project("{9A19103F-16F7-4668-BE54-9A1E7A4F7556}") = "Innovt.Data.EFCore.MsSql", "Innovt.Data.EFCore.MsSql\Innovt.Data.EFCore.MsSql.csproj", "{5C1FD024-BA65-46A7-96D0-C42AE45FB1E5}"
EndProject
Project("{9A19103F-16F7-4668-BE54-9A1E7A4F7556}") = "Innovt.Data.EFCore.PostgreSQL", "Innovt.Data.EFCore.PostgreSQL\Innovt.Data.EFCore.PostgreSQL.csproj", "{6A81A298-4D37-4107-9770-003DD96A377D}"
EndProject
Project("{9A19103F-16F7-4668-BE54-9A1E7A4F7556}") = "Innovt.Cloud.AWS.Lambda.Sqs.Tests", "Innovt.Cloud.AWS.Lambda.Sqs.Tests\Innovt.Cloud.AWS.Lambda.Sqs.Tests.csproj", "{2453B714-209A-4FE1-B954-F9B1D8CA3659}"
EndProject
Project("{9A19103F-16F7-4668-BE54-9A1E7A4F7556}") = "ConsoleAppTest", "ConsoleAppTest\ConsoleAppTest.csproj", "{DE1CCCB9-7832-464E-A82B-3A73970D843E}"
EndProject
Project("{9A19103F-16F7-4668-BE54-9A1E7A4F7556}") = "Lambda.Sample", "Lambda.Sample\Lambda.Sample.csproj", "{E2648373-5BDA-4461-9461-839FCA06DB70}"
EndProject
Project("{FAE04EC0-301F-11D3-BF4B-00C04F79EFBC}") = "SampleAspNetWebApiTest", "WebApplication1\SampleAspNetWebApiTest.csproj", "{F324348B-C1B3-4D40-9103-C156AA631B00}"
EndProject
Global
	GlobalSection(SolutionConfigurationPlatforms) = preSolution
		Debug|Any CPU = Debug|Any CPU
		Debug|x86 = Debug|x86
		Release|Any CPU = Release|Any CPU
		Release|x86 = Release|x86
	EndGlobalSection
	GlobalSection(ProjectConfigurationPlatforms) = postSolution
		{09BE969B-3913-4220-9F38-ECF884F69E39}.Debug|Any CPU.ActiveCfg = Debug|Any CPU
		{09BE969B-3913-4220-9F38-ECF884F69E39}.Debug|Any CPU.Build.0 = Debug|Any CPU
		{09BE969B-3913-4220-9F38-ECF884F69E39}.Debug|x86.ActiveCfg = Debug|Any CPU
		{09BE969B-3913-4220-9F38-ECF884F69E39}.Debug|x86.Build.0 = Debug|Any CPU
		{09BE969B-3913-4220-9F38-ECF884F69E39}.Release|Any CPU.ActiveCfg = Release|Any CPU
		{09BE969B-3913-4220-9F38-ECF884F69E39}.Release|Any CPU.Build.0 = Release|Any CPU
		{09BE969B-3913-4220-9F38-ECF884F69E39}.Release|x86.ActiveCfg = Release|Any CPU
		{09BE969B-3913-4220-9F38-ECF884F69E39}.Release|x86.Build.0 = Release|Any CPU
		{EDACD1AA-5261-4036-882F-A6906B95FA0C}.Debug|Any CPU.ActiveCfg = Debug|Any CPU
		{EDACD1AA-5261-4036-882F-A6906B95FA0C}.Debug|Any CPU.Build.0 = Debug|Any CPU
		{EDACD1AA-5261-4036-882F-A6906B95FA0C}.Debug|x86.ActiveCfg = Debug|Any CPU
		{EDACD1AA-5261-4036-882F-A6906B95FA0C}.Debug|x86.Build.0 = Debug|Any CPU
		{EDACD1AA-5261-4036-882F-A6906B95FA0C}.Release|Any CPU.ActiveCfg = Release|Any CPU
		{EDACD1AA-5261-4036-882F-A6906B95FA0C}.Release|Any CPU.Build.0 = Release|Any CPU
		{EDACD1AA-5261-4036-882F-A6906B95FA0C}.Release|x86.ActiveCfg = Release|Any CPU
		{EDACD1AA-5261-4036-882F-A6906B95FA0C}.Release|x86.Build.0 = Release|Any CPU
		{2EBC958D-8139-4DD8-8373-22B06BDC508F}.Debug|Any CPU.ActiveCfg = Debug|Any CPU
		{2EBC958D-8139-4DD8-8373-22B06BDC508F}.Debug|Any CPU.Build.0 = Debug|Any CPU
		{2EBC958D-8139-4DD8-8373-22B06BDC508F}.Debug|x86.ActiveCfg = Debug|Any CPU
		{2EBC958D-8139-4DD8-8373-22B06BDC508F}.Debug|x86.Build.0 = Debug|Any CPU
		{2EBC958D-8139-4DD8-8373-22B06BDC508F}.Release|Any CPU.ActiveCfg = Release|Any CPU
		{2EBC958D-8139-4DD8-8373-22B06BDC508F}.Release|Any CPU.Build.0 = Release|Any CPU
		{2EBC958D-8139-4DD8-8373-22B06BDC508F}.Release|x86.ActiveCfg = Release|Any CPU
		{2EBC958D-8139-4DD8-8373-22B06BDC508F}.Release|x86.Build.0 = Release|Any CPU
		{1CA08AC6-F448-48F5-BF04-F3D750AA7C94}.Debug|Any CPU.ActiveCfg = Debug|Any CPU
		{1CA08AC6-F448-48F5-BF04-F3D750AA7C94}.Debug|Any CPU.Build.0 = Debug|Any CPU
		{1CA08AC6-F448-48F5-BF04-F3D750AA7C94}.Debug|x86.ActiveCfg = Debug|Any CPU
		{1CA08AC6-F448-48F5-BF04-F3D750AA7C94}.Debug|x86.Build.0 = Debug|Any CPU
		{1CA08AC6-F448-48F5-BF04-F3D750AA7C94}.Release|Any CPU.ActiveCfg = Release|Any CPU
		{1CA08AC6-F448-48F5-BF04-F3D750AA7C94}.Release|Any CPU.Build.0 = Release|Any CPU
		{1CA08AC6-F448-48F5-BF04-F3D750AA7C94}.Release|x86.ActiveCfg = Release|Any CPU
		{1CA08AC6-F448-48F5-BF04-F3D750AA7C94}.Release|x86.Build.0 = Release|Any CPU
		{E72D25B5-0698-4850-8E74-981D7FB60BD2}.Debug|Any CPU.ActiveCfg = Debug|Any CPU
		{E72D25B5-0698-4850-8E74-981D7FB60BD2}.Debug|Any CPU.Build.0 = Debug|Any CPU
		{E72D25B5-0698-4850-8E74-981D7FB60BD2}.Debug|x86.ActiveCfg = Debug|Any CPU
		{E72D25B5-0698-4850-8E74-981D7FB60BD2}.Debug|x86.Build.0 = Debug|Any CPU
		{E72D25B5-0698-4850-8E74-981D7FB60BD2}.Release|Any CPU.ActiveCfg = Release|Any CPU
		{E72D25B5-0698-4850-8E74-981D7FB60BD2}.Release|Any CPU.Build.0 = Release|Any CPU
		{E72D25B5-0698-4850-8E74-981D7FB60BD2}.Release|x86.ActiveCfg = Release|Any CPU
		{E72D25B5-0698-4850-8E74-981D7FB60BD2}.Release|x86.Build.0 = Release|Any CPU
		{00B91C17-A085-4D3D-B48C-7F4A0C674CA9}.Debug|Any CPU.ActiveCfg = Debug|Any CPU
		{00B91C17-A085-4D3D-B48C-7F4A0C674CA9}.Debug|Any CPU.Build.0 = Debug|Any CPU
		{00B91C17-A085-4D3D-B48C-7F4A0C674CA9}.Debug|x86.ActiveCfg = Debug|Any CPU
		{00B91C17-A085-4D3D-B48C-7F4A0C674CA9}.Debug|x86.Build.0 = Debug|Any CPU
		{00B91C17-A085-4D3D-B48C-7F4A0C674CA9}.Release|Any CPU.ActiveCfg = Release|Any CPU
		{00B91C17-A085-4D3D-B48C-7F4A0C674CA9}.Release|Any CPU.Build.0 = Release|Any CPU
		{00B91C17-A085-4D3D-B48C-7F4A0C674CA9}.Release|x86.ActiveCfg = Release|Any CPU
		{00B91C17-A085-4D3D-B48C-7F4A0C674CA9}.Release|x86.Build.0 = Release|Any CPU
		{836975DB-AB1A-42FF-8D0F-A1F891B245E3}.Debug|Any CPU.ActiveCfg = Debug|Any CPU
		{836975DB-AB1A-42FF-8D0F-A1F891B245E3}.Debug|Any CPU.Build.0 = Debug|Any CPU
		{836975DB-AB1A-42FF-8D0F-A1F891B245E3}.Debug|x86.ActiveCfg = Debug|Any CPU
		{836975DB-AB1A-42FF-8D0F-A1F891B245E3}.Debug|x86.Build.0 = Debug|Any CPU
		{836975DB-AB1A-42FF-8D0F-A1F891B245E3}.Release|Any CPU.ActiveCfg = Release|Any CPU
		{836975DB-AB1A-42FF-8D0F-A1F891B245E3}.Release|Any CPU.Build.0 = Release|Any CPU
		{836975DB-AB1A-42FF-8D0F-A1F891B245E3}.Release|x86.ActiveCfg = Release|Any CPU
		{836975DB-AB1A-42FF-8D0F-A1F891B245E3}.Release|x86.Build.0 = Release|Any CPU
		{3454DC49-83DA-4DBB-BE59-0C80BD58CD53}.Debug|Any CPU.ActiveCfg = Debug|Any CPU
		{3454DC49-83DA-4DBB-BE59-0C80BD58CD53}.Debug|Any CPU.Build.0 = Debug|Any CPU
		{3454DC49-83DA-4DBB-BE59-0C80BD58CD53}.Debug|x86.ActiveCfg = Debug|Any CPU
		{3454DC49-83DA-4DBB-BE59-0C80BD58CD53}.Debug|x86.Build.0 = Debug|Any CPU
		{3454DC49-83DA-4DBB-BE59-0C80BD58CD53}.Release|Any CPU.ActiveCfg = Release|Any CPU
		{3454DC49-83DA-4DBB-BE59-0C80BD58CD53}.Release|Any CPU.Build.0 = Release|Any CPU
		{3454DC49-83DA-4DBB-BE59-0C80BD58CD53}.Release|x86.ActiveCfg = Release|Any CPU
		{3454DC49-83DA-4DBB-BE59-0C80BD58CD53}.Release|x86.Build.0 = Release|Any CPU
		{53383E96-80B1-4852-97BA-DCA2054C4F45}.Debug|Any CPU.ActiveCfg = Debug|Any CPU
		{53383E96-80B1-4852-97BA-DCA2054C4F45}.Debug|Any CPU.Build.0 = Debug|Any CPU
		{53383E96-80B1-4852-97BA-DCA2054C4F45}.Debug|x86.ActiveCfg = Debug|Any CPU
		{53383E96-80B1-4852-97BA-DCA2054C4F45}.Debug|x86.Build.0 = Debug|Any CPU
		{53383E96-80B1-4852-97BA-DCA2054C4F45}.Release|Any CPU.ActiveCfg = Release|Any CPU
		{53383E96-80B1-4852-97BA-DCA2054C4F45}.Release|Any CPU.Build.0 = Release|Any CPU
		{53383E96-80B1-4852-97BA-DCA2054C4F45}.Release|x86.ActiveCfg = Release|Any CPU
		{53383E96-80B1-4852-97BA-DCA2054C4F45}.Release|x86.Build.0 = Release|Any CPU
		{65F32125-25A0-45BB-9F4E-73D002475D09}.Debug|Any CPU.ActiveCfg = Debug|Any CPU
		{65F32125-25A0-45BB-9F4E-73D002475D09}.Debug|Any CPU.Build.0 = Debug|Any CPU
		{65F32125-25A0-45BB-9F4E-73D002475D09}.Debug|x86.ActiveCfg = Debug|Any CPU
		{65F32125-25A0-45BB-9F4E-73D002475D09}.Debug|x86.Build.0 = Debug|Any CPU
		{65F32125-25A0-45BB-9F4E-73D002475D09}.Release|Any CPU.ActiveCfg = Release|Any CPU
		{65F32125-25A0-45BB-9F4E-73D002475D09}.Release|Any CPU.Build.0 = Release|Any CPU
		{65F32125-25A0-45BB-9F4E-73D002475D09}.Release|x86.ActiveCfg = Release|Any CPU
		{65F32125-25A0-45BB-9F4E-73D002475D09}.Release|x86.Build.0 = Release|Any CPU
		{5963AD84-4414-4356-83D9-E7B16538479B}.Debug|Any CPU.ActiveCfg = Debug|Any CPU
		{5963AD84-4414-4356-83D9-E7B16538479B}.Debug|Any CPU.Build.0 = Debug|Any CPU
		{5963AD84-4414-4356-83D9-E7B16538479B}.Debug|x86.ActiveCfg = Debug|Any CPU
		{5963AD84-4414-4356-83D9-E7B16538479B}.Debug|x86.Build.0 = Debug|Any CPU
		{5963AD84-4414-4356-83D9-E7B16538479B}.Release|Any CPU.ActiveCfg = Release|Any CPU
		{5963AD84-4414-4356-83D9-E7B16538479B}.Release|Any CPU.Build.0 = Release|Any CPU
		{5963AD84-4414-4356-83D9-E7B16538479B}.Release|x86.ActiveCfg = Release|Any CPU
		{5963AD84-4414-4356-83D9-E7B16538479B}.Release|x86.Build.0 = Release|Any CPU
		{FBE5777D-DDDC-4945-8110-8AFF3F26E976}.Debug|Any CPU.ActiveCfg = Debug|Any CPU
		{FBE5777D-DDDC-4945-8110-8AFF3F26E976}.Debug|Any CPU.Build.0 = Debug|Any CPU
		{FBE5777D-DDDC-4945-8110-8AFF3F26E976}.Debug|x86.ActiveCfg = Debug|Any CPU
		{FBE5777D-DDDC-4945-8110-8AFF3F26E976}.Debug|x86.Build.0 = Debug|Any CPU
		{FBE5777D-DDDC-4945-8110-8AFF3F26E976}.Release|Any CPU.ActiveCfg = Release|Any CPU
		{FBE5777D-DDDC-4945-8110-8AFF3F26E976}.Release|Any CPU.Build.0 = Release|Any CPU
		{FBE5777D-DDDC-4945-8110-8AFF3F26E976}.Release|x86.ActiveCfg = Release|Any CPU
		{FBE5777D-DDDC-4945-8110-8AFF3F26E976}.Release|x86.Build.0 = Release|Any CPU
		{E9C882D2-E87F-4380-B6D8-B4DF0106F616}.Debug|Any CPU.ActiveCfg = Debug|Any CPU
		{E9C882D2-E87F-4380-B6D8-B4DF0106F616}.Debug|Any CPU.Build.0 = Debug|Any CPU
		{E9C882D2-E87F-4380-B6D8-B4DF0106F616}.Debug|x86.ActiveCfg = Debug|Any CPU
		{E9C882D2-E87F-4380-B6D8-B4DF0106F616}.Debug|x86.Build.0 = Debug|Any CPU
		{E9C882D2-E87F-4380-B6D8-B4DF0106F616}.Release|Any CPU.ActiveCfg = Release|Any CPU
		{E9C882D2-E87F-4380-B6D8-B4DF0106F616}.Release|Any CPU.Build.0 = Release|Any CPU
		{E9C882D2-E87F-4380-B6D8-B4DF0106F616}.Release|x86.ActiveCfg = Release|Any CPU
		{E9C882D2-E87F-4380-B6D8-B4DF0106F616}.Release|x86.Build.0 = Release|Any CPU
		{4692D95D-3D91-4822-8785-AB4744158931}.Debug|Any CPU.ActiveCfg = Debug|Any CPU
		{4692D95D-3D91-4822-8785-AB4744158931}.Debug|Any CPU.Build.0 = Debug|Any CPU
		{4692D95D-3D91-4822-8785-AB4744158931}.Debug|x86.ActiveCfg = Debug|Any CPU
		{4692D95D-3D91-4822-8785-AB4744158931}.Debug|x86.Build.0 = Debug|Any CPU
		{4692D95D-3D91-4822-8785-AB4744158931}.Release|Any CPU.ActiveCfg = Release|Any CPU
		{4692D95D-3D91-4822-8785-AB4744158931}.Release|Any CPU.Build.0 = Release|Any CPU
		{4692D95D-3D91-4822-8785-AB4744158931}.Release|x86.ActiveCfg = Release|Any CPU
		{4692D95D-3D91-4822-8785-AB4744158931}.Release|x86.Build.0 = Release|Any CPU
		{05B83B02-0316-4E39-A24C-A353A93D90AA}.Debug|Any CPU.ActiveCfg = Debug|Any CPU
		{05B83B02-0316-4E39-A24C-A353A93D90AA}.Debug|Any CPU.Build.0 = Debug|Any CPU
		{05B83B02-0316-4E39-A24C-A353A93D90AA}.Debug|x86.ActiveCfg = Debug|Any CPU
		{05B83B02-0316-4E39-A24C-A353A93D90AA}.Debug|x86.Build.0 = Debug|Any CPU
		{05B83B02-0316-4E39-A24C-A353A93D90AA}.Release|Any CPU.ActiveCfg = Release|Any CPU
		{05B83B02-0316-4E39-A24C-A353A93D90AA}.Release|Any CPU.Build.0 = Release|Any CPU
		{05B83B02-0316-4E39-A24C-A353A93D90AA}.Release|x86.ActiveCfg = Release|Any CPU
		{05B83B02-0316-4E39-A24C-A353A93D90AA}.Release|x86.Build.0 = Release|Any CPU
		{AA3F888D-0A7A-46D5-94B3-6CFA6FD4D90F}.Debug|Any CPU.ActiveCfg = Debug|Any CPU
		{AA3F888D-0A7A-46D5-94B3-6CFA6FD4D90F}.Debug|Any CPU.Build.0 = Debug|Any CPU
		{AA3F888D-0A7A-46D5-94B3-6CFA6FD4D90F}.Debug|x86.ActiveCfg = Debug|Any CPU
		{AA3F888D-0A7A-46D5-94B3-6CFA6FD4D90F}.Debug|x86.Build.0 = Debug|Any CPU
		{AA3F888D-0A7A-46D5-94B3-6CFA6FD4D90F}.Release|Any CPU.ActiveCfg = Release|Any CPU
		{AA3F888D-0A7A-46D5-94B3-6CFA6FD4D90F}.Release|Any CPU.Build.0 = Release|Any CPU
		{AA3F888D-0A7A-46D5-94B3-6CFA6FD4D90F}.Release|x86.ActiveCfg = Release|Any CPU
		{AA3F888D-0A7A-46D5-94B3-6CFA6FD4D90F}.Release|x86.Build.0 = Release|Any CPU
		{970864DA-4D0D-480A-83AF-6A835479A660}.Debug|Any CPU.ActiveCfg = Debug|Any CPU
		{970864DA-4D0D-480A-83AF-6A835479A660}.Debug|Any CPU.Build.0 = Debug|Any CPU
		{970864DA-4D0D-480A-83AF-6A835479A660}.Debug|x86.ActiveCfg = Debug|Any CPU
		{970864DA-4D0D-480A-83AF-6A835479A660}.Debug|x86.Build.0 = Debug|Any CPU
		{970864DA-4D0D-480A-83AF-6A835479A660}.Release|Any CPU.ActiveCfg = Release|Any CPU
		{970864DA-4D0D-480A-83AF-6A835479A660}.Release|Any CPU.Build.0 = Release|Any CPU
		{970864DA-4D0D-480A-83AF-6A835479A660}.Release|x86.ActiveCfg = Release|Any CPU
		{970864DA-4D0D-480A-83AF-6A835479A660}.Release|x86.Build.0 = Release|Any CPU
		{0EFEF216-E77E-4ACF-A5AE-1F48CBF2D78A}.Debug|Any CPU.ActiveCfg = Debug|Any CPU
		{0EFEF216-E77E-4ACF-A5AE-1F48CBF2D78A}.Debug|Any CPU.Build.0 = Debug|Any CPU
		{0EFEF216-E77E-4ACF-A5AE-1F48CBF2D78A}.Debug|x86.ActiveCfg = Debug|Any CPU
		{0EFEF216-E77E-4ACF-A5AE-1F48CBF2D78A}.Debug|x86.Build.0 = Debug|Any CPU
		{0EFEF216-E77E-4ACF-A5AE-1F48CBF2D78A}.Release|Any CPU.ActiveCfg = Release|Any CPU
		{0EFEF216-E77E-4ACF-A5AE-1F48CBF2D78A}.Release|Any CPU.Build.0 = Release|Any CPU
		{0EFEF216-E77E-4ACF-A5AE-1F48CBF2D78A}.Release|x86.ActiveCfg = Release|Any CPU
		{0EFEF216-E77E-4ACF-A5AE-1F48CBF2D78A}.Release|x86.Build.0 = Release|Any CPU
		{06DBACED-A617-4AAD-9A52-4F4E9F2D0E68}.Debug|Any CPU.ActiveCfg = Debug|Any CPU
		{06DBACED-A617-4AAD-9A52-4F4E9F2D0E68}.Debug|Any CPU.Build.0 = Debug|Any CPU
		{06DBACED-A617-4AAD-9A52-4F4E9F2D0E68}.Debug|x86.ActiveCfg = Debug|Any CPU
		{06DBACED-A617-4AAD-9A52-4F4E9F2D0E68}.Debug|x86.Build.0 = Debug|Any CPU
		{06DBACED-A617-4AAD-9A52-4F4E9F2D0E68}.Release|Any CPU.ActiveCfg = Release|Any CPU
		{06DBACED-A617-4AAD-9A52-4F4E9F2D0E68}.Release|Any CPU.Build.0 = Release|Any CPU
		{06DBACED-A617-4AAD-9A52-4F4E9F2D0E68}.Release|x86.ActiveCfg = Release|Any CPU
		{06DBACED-A617-4AAD-9A52-4F4E9F2D0E68}.Release|x86.Build.0 = Release|Any CPU
		{B879A20F-00A8-425F-9AA5-7FFC76692D2C}.Debug|Any CPU.ActiveCfg = Debug|Any CPU
		{B879A20F-00A8-425F-9AA5-7FFC76692D2C}.Debug|Any CPU.Build.0 = Debug|Any CPU
		{B879A20F-00A8-425F-9AA5-7FFC76692D2C}.Debug|x86.ActiveCfg = Debug|Any CPU
		{B879A20F-00A8-425F-9AA5-7FFC76692D2C}.Debug|x86.Build.0 = Debug|Any CPU
		{B879A20F-00A8-425F-9AA5-7FFC76692D2C}.Release|Any CPU.ActiveCfg = Release|Any CPU
		{B879A20F-00A8-425F-9AA5-7FFC76692D2C}.Release|Any CPU.Build.0 = Release|Any CPU
		{B879A20F-00A8-425F-9AA5-7FFC76692D2C}.Release|x86.ActiveCfg = Release|Any CPU
		{B879A20F-00A8-425F-9AA5-7FFC76692D2C}.Release|x86.Build.0 = Release|Any CPU
		{BE2AAA90-CEA2-443C-9532-E78D9BFEAC5A}.Debug|Any CPU.ActiveCfg = Debug|Any CPU
		{BE2AAA90-CEA2-443C-9532-E78D9BFEAC5A}.Debug|Any CPU.Build.0 = Debug|Any CPU
		{BE2AAA90-CEA2-443C-9532-E78D9BFEAC5A}.Debug|x86.ActiveCfg = Debug|Any CPU
		{BE2AAA90-CEA2-443C-9532-E78D9BFEAC5A}.Debug|x86.Build.0 = Debug|Any CPU
		{BE2AAA90-CEA2-443C-9532-E78D9BFEAC5A}.Release|Any CPU.ActiveCfg = Release|Any CPU
		{BE2AAA90-CEA2-443C-9532-E78D9BFEAC5A}.Release|Any CPU.Build.0 = Release|Any CPU
		{BE2AAA90-CEA2-443C-9532-E78D9BFEAC5A}.Release|x86.ActiveCfg = Release|Any CPU
		{BE2AAA90-CEA2-443C-9532-E78D9BFEAC5A}.Release|x86.Build.0 = Release|Any CPU
		{5D7921EC-9058-4AE0-A2CB-6AE56CBDE7F5}.Debug|Any CPU.ActiveCfg = Debug|Any CPU
		{5D7921EC-9058-4AE0-A2CB-6AE56CBDE7F5}.Debug|Any CPU.Build.0 = Debug|Any CPU
		{5D7921EC-9058-4AE0-A2CB-6AE56CBDE7F5}.Debug|x86.ActiveCfg = Debug|Any CPU
		{5D7921EC-9058-4AE0-A2CB-6AE56CBDE7F5}.Debug|x86.Build.0 = Debug|Any CPU
		{5D7921EC-9058-4AE0-A2CB-6AE56CBDE7F5}.Release|Any CPU.ActiveCfg = Release|Any CPU
		{5D7921EC-9058-4AE0-A2CB-6AE56CBDE7F5}.Release|Any CPU.Build.0 = Release|Any CPU
		{5D7921EC-9058-4AE0-A2CB-6AE56CBDE7F5}.Release|x86.ActiveCfg = Release|Any CPU
		{5D7921EC-9058-4AE0-A2CB-6AE56CBDE7F5}.Release|x86.Build.0 = Release|Any CPU
		{C1AB0DDF-D970-44B5-81DB-53FCBA3AE395}.Debug|Any CPU.ActiveCfg = Debug|Any CPU
		{C1AB0DDF-D970-44B5-81DB-53FCBA3AE395}.Debug|Any CPU.Build.0 = Debug|Any CPU
		{C1AB0DDF-D970-44B5-81DB-53FCBA3AE395}.Debug|x86.ActiveCfg = Debug|Any CPU
		{C1AB0DDF-D970-44B5-81DB-53FCBA3AE395}.Debug|x86.Build.0 = Debug|Any CPU
		{C1AB0DDF-D970-44B5-81DB-53FCBA3AE395}.Release|Any CPU.ActiveCfg = Release|Any CPU
		{C1AB0DDF-D970-44B5-81DB-53FCBA3AE395}.Release|Any CPU.Build.0 = Release|Any CPU
		{C1AB0DDF-D970-44B5-81DB-53FCBA3AE395}.Release|x86.ActiveCfg = Release|Any CPU
		{C1AB0DDF-D970-44B5-81DB-53FCBA3AE395}.Release|x86.Build.0 = Release|Any CPU
		{CFFD22BB-F6BB-48D2-BE63-94A48FF877D6}.Debug|Any CPU.ActiveCfg = Debug|Any CPU
		{CFFD22BB-F6BB-48D2-BE63-94A48FF877D6}.Debug|Any CPU.Build.0 = Debug|Any CPU
		{CFFD22BB-F6BB-48D2-BE63-94A48FF877D6}.Debug|x86.ActiveCfg = Debug|Any CPU
		{CFFD22BB-F6BB-48D2-BE63-94A48FF877D6}.Debug|x86.Build.0 = Debug|Any CPU
		{CFFD22BB-F6BB-48D2-BE63-94A48FF877D6}.Release|Any CPU.ActiveCfg = Release|Any CPU
		{CFFD22BB-F6BB-48D2-BE63-94A48FF877D6}.Release|Any CPU.Build.0 = Release|Any CPU
		{CFFD22BB-F6BB-48D2-BE63-94A48FF877D6}.Release|x86.ActiveCfg = Release|Any CPU
		{CFFD22BB-F6BB-48D2-BE63-94A48FF877D6}.Release|x86.Build.0 = Release|Any CPU
		{58D4FAFA-54BA-44B8-8864-1E8D5E45F750}.Debug|Any CPU.ActiveCfg = Debug|Any CPU
		{58D4FAFA-54BA-44B8-8864-1E8D5E45F750}.Debug|Any CPU.Build.0 = Debug|Any CPU
		{58D4FAFA-54BA-44B8-8864-1E8D5E45F750}.Debug|x86.ActiveCfg = Debug|Any CPU
		{58D4FAFA-54BA-44B8-8864-1E8D5E45F750}.Debug|x86.Build.0 = Debug|Any CPU
		{58D4FAFA-54BA-44B8-8864-1E8D5E45F750}.Release|Any CPU.ActiveCfg = Release|Any CPU
		{58D4FAFA-54BA-44B8-8864-1E8D5E45F750}.Release|Any CPU.Build.0 = Release|Any CPU
		{58D4FAFA-54BA-44B8-8864-1E8D5E45F750}.Release|x86.ActiveCfg = Release|Any CPU
		{58D4FAFA-54BA-44B8-8864-1E8D5E45F750}.Release|x86.Build.0 = Release|Any CPU
		{4C1B7BA2-B244-433F-9951-B04C279B0275}.Debug|Any CPU.ActiveCfg = Debug|Any CPU
		{4C1B7BA2-B244-433F-9951-B04C279B0275}.Debug|Any CPU.Build.0 = Debug|Any CPU
		{4C1B7BA2-B244-433F-9951-B04C279B0275}.Debug|x86.ActiveCfg = Debug|Any CPU
		{4C1B7BA2-B244-433F-9951-B04C279B0275}.Debug|x86.Build.0 = Debug|Any CPU
		{4C1B7BA2-B244-433F-9951-B04C279B0275}.Release|Any CPU.ActiveCfg = Release|Any CPU
		{4C1B7BA2-B244-433F-9951-B04C279B0275}.Release|Any CPU.Build.0 = Release|Any CPU
		{4C1B7BA2-B244-433F-9951-B04C279B0275}.Release|x86.ActiveCfg = Release|Any CPU
		{4C1B7BA2-B244-433F-9951-B04C279B0275}.Release|x86.Build.0 = Release|Any CPU
		{FA4402A2-18F0-4AB9-AADA-9CA6D055D9A5}.Debug|Any CPU.ActiveCfg = Debug|Any CPU
		{FA4402A2-18F0-4AB9-AADA-9CA6D055D9A5}.Debug|Any CPU.Build.0 = Debug|Any CPU
		{FA4402A2-18F0-4AB9-AADA-9CA6D055D9A5}.Debug|x86.ActiveCfg = Debug|Any CPU
		{FA4402A2-18F0-4AB9-AADA-9CA6D055D9A5}.Debug|x86.Build.0 = Debug|Any CPU
		{FA4402A2-18F0-4AB9-AADA-9CA6D055D9A5}.Release|Any CPU.ActiveCfg = Release|Any CPU
		{FA4402A2-18F0-4AB9-AADA-9CA6D055D9A5}.Release|Any CPU.Build.0 = Release|Any CPU
		{FA4402A2-18F0-4AB9-AADA-9CA6D055D9A5}.Release|x86.ActiveCfg = Release|Any CPU
		{FA4402A2-18F0-4AB9-AADA-9CA6D055D9A5}.Release|x86.Build.0 = Release|Any CPU
		{6FA99C73-D528-4CB3-9B48-B808EE1BEB66}.Debug|Any CPU.ActiveCfg = Debug|Any CPU
		{6FA99C73-D528-4CB3-9B48-B808EE1BEB66}.Debug|Any CPU.Build.0 = Debug|Any CPU
		{6FA99C73-D528-4CB3-9B48-B808EE1BEB66}.Debug|x86.ActiveCfg = Debug|Any CPU
		{6FA99C73-D528-4CB3-9B48-B808EE1BEB66}.Debug|x86.Build.0 = Debug|Any CPU
		{6FA99C73-D528-4CB3-9B48-B808EE1BEB66}.Release|Any CPU.ActiveCfg = Release|Any CPU
		{6FA99C73-D528-4CB3-9B48-B808EE1BEB66}.Release|Any CPU.Build.0 = Release|Any CPU
		{6FA99C73-D528-4CB3-9B48-B808EE1BEB66}.Release|x86.ActiveCfg = Release|Any CPU
		{6FA99C73-D528-4CB3-9B48-B808EE1BEB66}.Release|x86.Build.0 = Release|Any CPU
		{D1B5CE26-DEE7-409A-9243-FBD526C8632D}.Debug|Any CPU.ActiveCfg = Debug|Any CPU
		{D1B5CE26-DEE7-409A-9243-FBD526C8632D}.Debug|Any CPU.Build.0 = Debug|Any CPU
		{D1B5CE26-DEE7-409A-9243-FBD526C8632D}.Debug|x86.ActiveCfg = Debug|Any CPU
		{D1B5CE26-DEE7-409A-9243-FBD526C8632D}.Debug|x86.Build.0 = Debug|Any CPU
		{D1B5CE26-DEE7-409A-9243-FBD526C8632D}.Release|Any CPU.ActiveCfg = Release|Any CPU
		{D1B5CE26-DEE7-409A-9243-FBD526C8632D}.Release|Any CPU.Build.0 = Release|Any CPU
		{D1B5CE26-DEE7-409A-9243-FBD526C8632D}.Release|x86.ActiveCfg = Release|Any CPU
		{D1B5CE26-DEE7-409A-9243-FBD526C8632D}.Release|x86.Build.0 = Release|Any CPU
		{B2305000-D0E2-4514-B792-BE05908BA10A}.Debug|Any CPU.ActiveCfg = Debug|Any CPU
		{B2305000-D0E2-4514-B792-BE05908BA10A}.Debug|Any CPU.Build.0 = Debug|Any CPU
		{B2305000-D0E2-4514-B792-BE05908BA10A}.Debug|x86.ActiveCfg = Debug|Any CPU
		{B2305000-D0E2-4514-B792-BE05908BA10A}.Debug|x86.Build.0 = Debug|Any CPU
		{B2305000-D0E2-4514-B792-BE05908BA10A}.Release|Any CPU.ActiveCfg = Release|Any CPU
		{B2305000-D0E2-4514-B792-BE05908BA10A}.Release|Any CPU.Build.0 = Release|Any CPU
		{B2305000-D0E2-4514-B792-BE05908BA10A}.Release|x86.ActiveCfg = Release|Any CPU
		{B2305000-D0E2-4514-B792-BE05908BA10A}.Release|x86.Build.0 = Release|Any CPU
		{59F66B5A-E0B0-41E7-BB2E-8263A094DCC8}.Debug|Any CPU.ActiveCfg = Debug|Any CPU
		{59F66B5A-E0B0-41E7-BB2E-8263A094DCC8}.Debug|Any CPU.Build.0 = Debug|Any CPU
		{59F66B5A-E0B0-41E7-BB2E-8263A094DCC8}.Debug|x86.ActiveCfg = Debug|Any CPU
		{59F66B5A-E0B0-41E7-BB2E-8263A094DCC8}.Debug|x86.Build.0 = Debug|Any CPU
		{59F66B5A-E0B0-41E7-BB2E-8263A094DCC8}.Release|Any CPU.ActiveCfg = Release|Any CPU
		{59F66B5A-E0B0-41E7-BB2E-8263A094DCC8}.Release|Any CPU.Build.0 = Release|Any CPU
		{59F66B5A-E0B0-41E7-BB2E-8263A094DCC8}.Release|x86.ActiveCfg = Release|Any CPU
		{59F66B5A-E0B0-41E7-BB2E-8263A094DCC8}.Release|x86.Build.0 = Release|Any CPU
		{06CA419F-2646-42E4-8830-9CB5EC21A59E}.Debug|Any CPU.ActiveCfg = Debug|Any CPU
		{06CA419F-2646-42E4-8830-9CB5EC21A59E}.Debug|Any CPU.Build.0 = Debug|Any CPU
		{06CA419F-2646-42E4-8830-9CB5EC21A59E}.Debug|x86.ActiveCfg = Debug|Any CPU
		{06CA419F-2646-42E4-8830-9CB5EC21A59E}.Debug|x86.Build.0 = Debug|Any CPU
		{06CA419F-2646-42E4-8830-9CB5EC21A59E}.Release|Any CPU.ActiveCfg = Release|Any CPU
		{06CA419F-2646-42E4-8830-9CB5EC21A59E}.Release|Any CPU.Build.0 = Release|Any CPU
		{06CA419F-2646-42E4-8830-9CB5EC21A59E}.Release|x86.ActiveCfg = Release|Any CPU
		{06CA419F-2646-42E4-8830-9CB5EC21A59E}.Release|x86.Build.0 = Release|Any CPU
		{06062B04-BE0B-4D77-BA77-52F80B545988}.Debug|Any CPU.ActiveCfg = Debug|Any CPU
		{06062B04-BE0B-4D77-BA77-52F80B545988}.Debug|Any CPU.Build.0 = Debug|Any CPU
		{06062B04-BE0B-4D77-BA77-52F80B545988}.Debug|x86.ActiveCfg = Debug|Any CPU
		{06062B04-BE0B-4D77-BA77-52F80B545988}.Debug|x86.Build.0 = Debug|Any CPU
		{06062B04-BE0B-4D77-BA77-52F80B545988}.Release|Any CPU.ActiveCfg = Release|Any CPU
		{06062B04-BE0B-4D77-BA77-52F80B545988}.Release|Any CPU.Build.0 = Release|Any CPU
		{06062B04-BE0B-4D77-BA77-52F80B545988}.Release|x86.ActiveCfg = Release|Any CPU
		{06062B04-BE0B-4D77-BA77-52F80B545988}.Release|x86.Build.0 = Release|Any CPU
		{670D39C0-E037-41BC-B69F-6B961D441F06}.Debug|Any CPU.ActiveCfg = Debug|Any CPU
		{670D39C0-E037-41BC-B69F-6B961D441F06}.Debug|Any CPU.Build.0 = Debug|Any CPU
		{670D39C0-E037-41BC-B69F-6B961D441F06}.Debug|x86.ActiveCfg = Debug|Any CPU
		{670D39C0-E037-41BC-B69F-6B961D441F06}.Debug|x86.Build.0 = Debug|Any CPU
		{670D39C0-E037-41BC-B69F-6B961D441F06}.Release|Any CPU.ActiveCfg = Release|Any CPU
		{670D39C0-E037-41BC-B69F-6B961D441F06}.Release|Any CPU.Build.0 = Release|Any CPU
		{670D39C0-E037-41BC-B69F-6B961D441F06}.Release|x86.ActiveCfg = Release|Any CPU
		{670D39C0-E037-41BC-B69F-6B961D441F06}.Release|x86.Build.0 = Release|Any CPU
		{109306CD-F874-463D-9E09-DF895C4749B6}.Debug|Any CPU.ActiveCfg = Debug|Any CPU
		{109306CD-F874-463D-9E09-DF895C4749B6}.Debug|Any CPU.Build.0 = Debug|Any CPU
		{109306CD-F874-463D-9E09-DF895C4749B6}.Debug|x86.ActiveCfg = Debug|Any CPU
		{109306CD-F874-463D-9E09-DF895C4749B6}.Debug|x86.Build.0 = Debug|Any CPU
		{109306CD-F874-463D-9E09-DF895C4749B6}.Release|Any CPU.ActiveCfg = Release|Any CPU
		{109306CD-F874-463D-9E09-DF895C4749B6}.Release|Any CPU.Build.0 = Release|Any CPU
		{109306CD-F874-463D-9E09-DF895C4749B6}.Release|x86.ActiveCfg = Release|Any CPU
		{109306CD-F874-463D-9E09-DF895C4749B6}.Release|x86.Build.0 = Release|Any CPU
		{714DF605-4225-44AE-A557-F443305BEC71}.Debug|Any CPU.ActiveCfg = Debug|Any CPU
		{714DF605-4225-44AE-A557-F443305BEC71}.Debug|Any CPU.Build.0 = Debug|Any CPU
		{714DF605-4225-44AE-A557-F443305BEC71}.Debug|x86.ActiveCfg = Debug|Any CPU
		{714DF605-4225-44AE-A557-F443305BEC71}.Debug|x86.Build.0 = Debug|Any CPU
		{714DF605-4225-44AE-A557-F443305BEC71}.Release|Any CPU.ActiveCfg = Release|Any CPU
		{714DF605-4225-44AE-A557-F443305BEC71}.Release|Any CPU.Build.0 = Release|Any CPU
		{714DF605-4225-44AE-A557-F443305BEC71}.Release|x86.ActiveCfg = Release|Any CPU
		{714DF605-4225-44AE-A557-F443305BEC71}.Release|x86.Build.0 = Release|Any CPU
		{F7B6B8CC-395C-4C2F-98BC-2C5899800C7F}.Debug|Any CPU.ActiveCfg = Debug|Any CPU
		{F7B6B8CC-395C-4C2F-98BC-2C5899800C7F}.Debug|Any CPU.Build.0 = Debug|Any CPU
		{F7B6B8CC-395C-4C2F-98BC-2C5899800C7F}.Debug|x86.ActiveCfg = Debug|Any CPU
		{F7B6B8CC-395C-4C2F-98BC-2C5899800C7F}.Debug|x86.Build.0 = Debug|Any CPU
		{F7B6B8CC-395C-4C2F-98BC-2C5899800C7F}.Release|Any CPU.ActiveCfg = Release|Any CPU
		{F7B6B8CC-395C-4C2F-98BC-2C5899800C7F}.Release|Any CPU.Build.0 = Release|Any CPU
		{F7B6B8CC-395C-4C2F-98BC-2C5899800C7F}.Release|x86.ActiveCfg = Release|Any CPU
		{F7B6B8CC-395C-4C2F-98BC-2C5899800C7F}.Release|x86.Build.0 = Release|Any CPU
		{E66CD328-2137-4D6A-A8E1-EA421234EDA0}.Debug|Any CPU.ActiveCfg = Debug|Any CPU
		{E66CD328-2137-4D6A-A8E1-EA421234EDA0}.Debug|Any CPU.Build.0 = Debug|Any CPU
		{E66CD328-2137-4D6A-A8E1-EA421234EDA0}.Debug|x86.ActiveCfg = Debug|Any CPU
		{E66CD328-2137-4D6A-A8E1-EA421234EDA0}.Debug|x86.Build.0 = Debug|Any CPU
		{E66CD328-2137-4D6A-A8E1-EA421234EDA0}.Release|Any CPU.ActiveCfg = Release|Any CPU
		{E66CD328-2137-4D6A-A8E1-EA421234EDA0}.Release|Any CPU.Build.0 = Release|Any CPU
		{E66CD328-2137-4D6A-A8E1-EA421234EDA0}.Release|x86.ActiveCfg = Release|Any CPU
		{E66CD328-2137-4D6A-A8E1-EA421234EDA0}.Release|x86.Build.0 = Release|Any CPU
		{070C5E37-475D-4ACD-A704-0721BB43021F}.Debug|Any CPU.ActiveCfg = Debug|Any CPU
		{070C5E37-475D-4ACD-A704-0721BB43021F}.Debug|Any CPU.Build.0 = Debug|Any CPU
		{070C5E37-475D-4ACD-A704-0721BB43021F}.Debug|x86.ActiveCfg = Debug|Any CPU
		{070C5E37-475D-4ACD-A704-0721BB43021F}.Debug|x86.Build.0 = Debug|Any CPU
		{070C5E37-475D-4ACD-A704-0721BB43021F}.Release|Any CPU.ActiveCfg = Release|Any CPU
		{070C5E37-475D-4ACD-A704-0721BB43021F}.Release|Any CPU.Build.0 = Release|Any CPU
		{070C5E37-475D-4ACD-A704-0721BB43021F}.Release|x86.ActiveCfg = Release|Any CPU
		{070C5E37-475D-4ACD-A704-0721BB43021F}.Release|x86.Build.0 = Release|Any CPU
		{3941521E-AA9E-4044-B97B-83E1C286924B}.Debug|Any CPU.ActiveCfg = Debug|Any CPU
		{3941521E-AA9E-4044-B97B-83E1C286924B}.Debug|Any CPU.Build.0 = Debug|Any CPU
		{3941521E-AA9E-4044-B97B-83E1C286924B}.Debug|x86.ActiveCfg = Debug|Any CPU
		{3941521E-AA9E-4044-B97B-83E1C286924B}.Debug|x86.Build.0 = Debug|Any CPU
		{3941521E-AA9E-4044-B97B-83E1C286924B}.Release|Any CPU.ActiveCfg = Release|Any CPU
		{3941521E-AA9E-4044-B97B-83E1C286924B}.Release|Any CPU.Build.0 = Release|Any CPU
		{3941521E-AA9E-4044-B97B-83E1C286924B}.Release|x86.ActiveCfg = Release|Any CPU
		{3941521E-AA9E-4044-B97B-83E1C286924B}.Release|x86.Build.0 = Release|Any CPU
		{2849F4A7-0001-47CB-8BA9-650994BB8E83}.Debug|Any CPU.ActiveCfg = Debug|Any CPU
		{2849F4A7-0001-47CB-8BA9-650994BB8E83}.Debug|Any CPU.Build.0 = Debug|Any CPU
		{2849F4A7-0001-47CB-8BA9-650994BB8E83}.Debug|x86.ActiveCfg = Debug|Any CPU
		{2849F4A7-0001-47CB-8BA9-650994BB8E83}.Debug|x86.Build.0 = Debug|Any CPU
		{2849F4A7-0001-47CB-8BA9-650994BB8E83}.Release|Any CPU.ActiveCfg = Release|Any CPU
		{2849F4A7-0001-47CB-8BA9-650994BB8E83}.Release|Any CPU.Build.0 = Release|Any CPU
		{2849F4A7-0001-47CB-8BA9-650994BB8E83}.Release|x86.ActiveCfg = Release|Any CPU
		{2849F4A7-0001-47CB-8BA9-650994BB8E83}.Release|x86.Build.0 = Release|Any CPU
		{4755EB3C-9AF8-4FCC-A463-C7F8311850B8}.Debug|Any CPU.ActiveCfg = Debug|Any CPU
		{4755EB3C-9AF8-4FCC-A463-C7F8311850B8}.Debug|Any CPU.Build.0 = Debug|Any CPU
		{4755EB3C-9AF8-4FCC-A463-C7F8311850B8}.Debug|x86.ActiveCfg = Debug|Any CPU
		{4755EB3C-9AF8-4FCC-A463-C7F8311850B8}.Debug|x86.Build.0 = Debug|Any CPU
		{4755EB3C-9AF8-4FCC-A463-C7F8311850B8}.Release|Any CPU.ActiveCfg = Release|Any CPU
		{4755EB3C-9AF8-4FCC-A463-C7F8311850B8}.Release|Any CPU.Build.0 = Release|Any CPU
		{4755EB3C-9AF8-4FCC-A463-C7F8311850B8}.Release|x86.ActiveCfg = Release|Any CPU
		{4755EB3C-9AF8-4FCC-A463-C7F8311850B8}.Release|x86.Build.0 = Release|Any CPU
		{5C1FD024-BA65-46A7-96D0-C42AE45FB1E5}.Debug|Any CPU.ActiveCfg = Debug|Any CPU
		{5C1FD024-BA65-46A7-96D0-C42AE45FB1E5}.Debug|Any CPU.Build.0 = Debug|Any CPU
		{5C1FD024-BA65-46A7-96D0-C42AE45FB1E5}.Debug|x86.ActiveCfg = Debug|Any CPU
		{5C1FD024-BA65-46A7-96D0-C42AE45FB1E5}.Debug|x86.Build.0 = Debug|Any CPU
		{5C1FD024-BA65-46A7-96D0-C42AE45FB1E5}.Release|Any CPU.ActiveCfg = Release|Any CPU
		{5C1FD024-BA65-46A7-96D0-C42AE45FB1E5}.Release|Any CPU.Build.0 = Release|Any CPU
		{5C1FD024-BA65-46A7-96D0-C42AE45FB1E5}.Release|x86.ActiveCfg = Release|Any CPU
		{5C1FD024-BA65-46A7-96D0-C42AE45FB1E5}.Release|x86.Build.0 = Release|Any CPU
		{6A81A298-4D37-4107-9770-003DD96A377D}.Debug|Any CPU.ActiveCfg = Debug|Any CPU
		{6A81A298-4D37-4107-9770-003DD96A377D}.Debug|Any CPU.Build.0 = Debug|Any CPU
		{6A81A298-4D37-4107-9770-003DD96A377D}.Debug|x86.ActiveCfg = Debug|Any CPU
		{6A81A298-4D37-4107-9770-003DD96A377D}.Debug|x86.Build.0 = Debug|Any CPU
		{6A81A298-4D37-4107-9770-003DD96A377D}.Release|Any CPU.ActiveCfg = Release|Any CPU
		{6A81A298-4D37-4107-9770-003DD96A377D}.Release|Any CPU.Build.0 = Release|Any CPU
		{6A81A298-4D37-4107-9770-003DD96A377D}.Release|x86.ActiveCfg = Release|Any CPU
		{6A81A298-4D37-4107-9770-003DD96A377D}.Release|x86.Build.0 = Release|Any CPU
		{2453B714-209A-4FE1-B954-F9B1D8CA3659}.Debug|Any CPU.ActiveCfg = Debug|Any CPU
		{2453B714-209A-4FE1-B954-F9B1D8CA3659}.Debug|Any CPU.Build.0 = Debug|Any CPU
		{2453B714-209A-4FE1-B954-F9B1D8CA3659}.Debug|x86.ActiveCfg = Debug|Any CPU
		{2453B714-209A-4FE1-B954-F9B1D8CA3659}.Debug|x86.Build.0 = Debug|Any CPU
		{2453B714-209A-4FE1-B954-F9B1D8CA3659}.Release|Any CPU.ActiveCfg = Release|Any CPU
		{2453B714-209A-4FE1-B954-F9B1D8CA3659}.Release|Any CPU.Build.0 = Release|Any CPU
		{2453B714-209A-4FE1-B954-F9B1D8CA3659}.Release|x86.ActiveCfg = Release|Any CPU
		{2453B714-209A-4FE1-B954-F9B1D8CA3659}.Release|x86.Build.0 = Release|Any CPU
		{DE1CCCB9-7832-464E-A82B-3A73970D843E}.Debug|Any CPU.ActiveCfg = Debug|Any CPU
		{DE1CCCB9-7832-464E-A82B-3A73970D843E}.Debug|Any CPU.Build.0 = Debug|Any CPU
		{DE1CCCB9-7832-464E-A82B-3A73970D843E}.Debug|x86.ActiveCfg = Debug|Any CPU
		{DE1CCCB9-7832-464E-A82B-3A73970D843E}.Debug|x86.Build.0 = Debug|Any CPU
		{DE1CCCB9-7832-464E-A82B-3A73970D843E}.Release|Any CPU.ActiveCfg = Release|Any CPU
		{DE1CCCB9-7832-464E-A82B-3A73970D843E}.Release|Any CPU.Build.0 = Release|Any CPU
		{DE1CCCB9-7832-464E-A82B-3A73970D843E}.Release|x86.ActiveCfg = Release|Any CPU
		{DE1CCCB9-7832-464E-A82B-3A73970D843E}.Release|x86.Build.0 = Release|Any CPU
		{E2648373-5BDA-4461-9461-839FCA06DB70}.Debug|Any CPU.ActiveCfg = Debug|Any CPU
		{E2648373-5BDA-4461-9461-839FCA06DB70}.Debug|Any CPU.Build.0 = Debug|Any CPU
		{E2648373-5BDA-4461-9461-839FCA06DB70}.Debug|x86.ActiveCfg = Debug|Any CPU
		{E2648373-5BDA-4461-9461-839FCA06DB70}.Debug|x86.Build.0 = Debug|Any CPU
		{E2648373-5BDA-4461-9461-839FCA06DB70}.Release|Any CPU.ActiveCfg = Release|Any CPU
		{E2648373-5BDA-4461-9461-839FCA06DB70}.Release|Any CPU.Build.0 = Release|Any CPU
		{E2648373-5BDA-4461-9461-839FCA06DB70}.Release|x86.ActiveCfg = Release|Any CPU
		{E2648373-5BDA-4461-9461-839FCA06DB70}.Release|x86.Build.0 = Release|Any CPU
		{F324348B-C1B3-4D40-9103-C156AA631B00}.Debug|Any CPU.ActiveCfg = Debug|Any CPU
		{F324348B-C1B3-4D40-9103-C156AA631B00}.Debug|Any CPU.Build.0 = Debug|Any CPU
		{F324348B-C1B3-4D40-9103-C156AA631B00}.Debug|x86.ActiveCfg = Debug|Any CPU
		{F324348B-C1B3-4D40-9103-C156AA631B00}.Debug|x86.Build.0 = Debug|Any CPU
		{F324348B-C1B3-4D40-9103-C156AA631B00}.Release|Any CPU.ActiveCfg = Release|Any CPU
		{F324348B-C1B3-4D40-9103-C156AA631B00}.Release|Any CPU.Build.0 = Release|Any CPU
		{F324348B-C1B3-4D40-9103-C156AA631B00}.Release|x86.ActiveCfg = Release|Any CPU
		{F324348B-C1B3-4D40-9103-C156AA631B00}.Release|x86.Build.0 = Release|Any CPU
	EndGlobalSection
	GlobalSection(SolutionProperties) = preSolution
		HideSolutionNode = FALSE
	EndGlobalSection
	GlobalSection(NestedProjects) = preSolution
		{09BE969B-3913-4220-9F38-ECF884F69E39} = {2EBEF763-4589-48F5-AC67-69247ECD5A62}
		{EDACD1AA-5261-4036-882F-A6906B95FA0C} = {2E2BD745-61C0-449D-93C2-EF43F8D7E640}
		{2EBC958D-8139-4DD8-8373-22B06BDC508F} = {73AB5E44-F76F-42C7-9E9A-D9F9FFDAE8E6}
		{1CA08AC6-F448-48F5-BF04-F3D750AA7C94} = {73AB5E44-F76F-42C7-9E9A-D9F9FFDAE8E6}
		{00B91C17-A085-4D3D-B48C-7F4A0C674CA9} = {EA0C6A75-5EFC-4F7F-9E13-EB63F17ECF1E}
		{3454DC49-83DA-4DBB-BE59-0C80BD58CD53} = {73AB5E44-F76F-42C7-9E9A-D9F9FFDAE8E6}
		{53383E96-80B1-4852-97BA-DCA2054C4F45} = {ECD92DFF-5A6C-44D1-B3B4-F5CEE1E879B0}
		{65F32125-25A0-45BB-9F4E-73D002475D09} = {73AB5E44-F76F-42C7-9E9A-D9F9FFDAE8E6}
		{05B83B02-0316-4E39-A24C-A353A93D90AA} = {E4691D09-94FB-47D1-9EBA-550A6649178C}
		{AA3F888D-0A7A-46D5-94B3-6CFA6FD4D90F} = {EA0C6A75-5EFC-4F7F-9E13-EB63F17ECF1E}
		{970864DA-4D0D-480A-83AF-6A835479A660} = {EA0C6A75-5EFC-4F7F-9E13-EB63F17ECF1E}
		{0EFEF216-E77E-4ACF-A5AE-1F48CBF2D78A} = {EA0C6A75-5EFC-4F7F-9E13-EB63F17ECF1E}
		{06DBACED-A617-4AAD-9A52-4F4E9F2D0E68} = {EA0C6A75-5EFC-4F7F-9E13-EB63F17ECF1E}
		{B879A20F-00A8-425F-9AA5-7FFC76692D2C} = {EA0C6A75-5EFC-4F7F-9E13-EB63F17ECF1E}
		{BE2AAA90-CEA2-443C-9532-E78D9BFEAC5A} = {2EBEF763-4589-48F5-AC67-69247ECD5A62}
		{5D7921EC-9058-4AE0-A2CB-6AE56CBDE7F5} = {73AB5E44-F76F-42C7-9E9A-D9F9FFDAE8E6}
		{CFFD22BB-F6BB-48D2-BE63-94A48FF877D6} = {EA0C6A75-5EFC-4F7F-9E13-EB63F17ECF1E}
		{ECD92DFF-5A6C-44D1-B3B4-F5CEE1E879B0} = {EA0C6A75-5EFC-4F7F-9E13-EB63F17ECF1E}
		{58D4FAFA-54BA-44B8-8864-1E8D5E45F750} = {ECD92DFF-5A6C-44D1-B3B4-F5CEE1E879B0}
		{4C1B7BA2-B244-433F-9951-B04C279B0275} = {ECD92DFF-5A6C-44D1-B3B4-F5CEE1E879B0}
		{FA4402A2-18F0-4AB9-AADA-9CA6D055D9A5} = {ECD92DFF-5A6C-44D1-B3B4-F5CEE1E879B0}
		{6FA99C73-D528-4CB3-9B48-B808EE1BEB66} = {2E2BD745-61C0-449D-93C2-EF43F8D7E640}
		{D1B5CE26-DEE7-409A-9243-FBD526C8632D} = {43B9B336-E801-4F68-BF06-E8F7C538CD7B}
		{B2305000-D0E2-4514-B792-BE05908BA10A} = {EA0C6A75-5EFC-4F7F-9E13-EB63F17ECF1E}
		{59F66B5A-E0B0-41E7-BB2E-8263A094DCC8} = {ECD92DFF-5A6C-44D1-B3B4-F5CEE1E879B0}
		{06062B04-BE0B-4D77-BA77-52F80B545988} = {ECD92DFF-5A6C-44D1-B3B4-F5CEE1E879B0}
		{670D39C0-E037-41BC-B69F-6B961D441F06} = {EA0C6A75-5EFC-4F7F-9E13-EB63F17ECF1E}
		{109306CD-F874-463D-9E09-DF895C4749B6} = {E4691D09-94FB-47D1-9EBA-550A6649178C}
		{714DF605-4225-44AE-A557-F443305BEC71} = {3255704B-38CE-4A2D-9E65-EEE1088A4EDE}
		{F7B6B8CC-395C-4C2F-98BC-2C5899800C7F} = {3255704B-38CE-4A2D-9E65-EEE1088A4EDE}
		{E66CD328-2137-4D6A-A8E1-EA421234EDA0} = {2E2BD745-61C0-449D-93C2-EF43F8D7E640}
		{070C5E37-475D-4ACD-A704-0721BB43021F} = {EA0C6A75-5EFC-4F7F-9E13-EB63F17ECF1E}
		{3941521E-AA9E-4044-B97B-83E1C286924B} = {ECD92DFF-5A6C-44D1-B3B4-F5CEE1E879B0}
		{4755EB3C-9AF8-4FCC-A463-C7F8311850B8} = {73AB5E44-F76F-42C7-9E9A-D9F9FFDAE8E6}
		{5C1FD024-BA65-46A7-96D0-C42AE45FB1E5} = {73AB5E44-F76F-42C7-9E9A-D9F9FFDAE8E6}
		{6A81A298-4D37-4107-9770-003DD96A377D} = {73AB5E44-F76F-42C7-9E9A-D9F9FFDAE8E6}
		{2453B714-209A-4FE1-B954-F9B1D8CA3659} = {ECD92DFF-5A6C-44D1-B3B4-F5CEE1E879B0}
		{DE1CCCB9-7832-464E-A82B-3A73970D843E} = {B9D67F90-4165-4986-AA52-9E30F64013D9}
		{E2648373-5BDA-4461-9461-839FCA06DB70} = {B9D67F90-4165-4986-AA52-9E30F64013D9}
		{F324348B-C1B3-4D40-9103-C156AA631B00} = {B9D67F90-4165-4986-AA52-9E30F64013D9}
	EndGlobalSection
	GlobalSection(ExtensibilityGlobals) = postSolution
		SolutionGuid = {43168DBE-48A6-435D-9405-F6728340FFEA}
	EndGlobalSection
EndGlobal
