
Microsoft Visual Studio Solution File, Format Version 12.00
# Visual Studio Version 17
VisualStudioVersion = 17.0.31521.260
MinimumVisualStudioVersion = 10.0.40219.1
Project("{9A19103F-16F7-4668-BE54-9A1E7A4F7556}") = "Innovt.Contrib.Authorization.AspNetCore", "Innovt.Contrib.Authorization.AspNetCore\Innovt.Contrib.Authorization.AspNetCore.csproj", "{13877AB7-9879-4BBD-BDAC-80F1190794E6}"
EndProject
Project("{9A19103F-16F7-4668-BE54-9A1E7A4F7556}") = "Innovt.Contrib.Authorization.Platform", "Innovt.Contrib.Authorization.Platform\Innovt.Contrib.Authorization.Platform.csproj", "{53B92141-E109-4927-A5C3-46BF71A0B676}"
EndProject
Project("{9A19103F-16F7-4668-BE54-9A1E7A4F7556}") = "Innovt.Contrib.Authorization.Platform.Tests", "Innovt.Contrib.Authorization.Platform.Tests\Innovt.Contrib.Authorization.Platform.Tests.csproj", "{A06B5687-534E-489D-8DA6-53785FB86C47}"
EndProject
Project("{9A19103F-16F7-4668-BE54-9A1E7A4F7556}") = "AppSample", "AppSample\AppSample.csproj", "{F28590E2-5153-467F-919A-1F77BAE0ABBD}"
EndProject
Project("{9A19103F-16F7-4668-BE54-9A1E7A4F7556}") = "Innovt.Contrib.Authorization.AspNetCore.Tests", "Innovt.Contrib.Authorization.AspNetCore.Tests\Innovt.Contrib.Authorization.AspNetCore.Tests.csproj", "{1BC19A22-EF62-4E52-ABB8-4E82640699E0}"
EndProject
Global
	GlobalSection(SolutionConfigurationPlatforms) = preSolution
		Debug|Any CPU = Debug|Any CPU
		Release|Any CPU = Release|Any CPU
	EndGlobalSection
	GlobalSection(ProjectConfigurationPlatforms) = postSolution
		{13877AB7-9879-4BBD-BDAC-80F1190794E6}.Debug|Any CPU.ActiveCfg = Debug|Any CPU
		{13877AB7-9879-4BBD-BDAC-80F1190794E6}.Debug|Any CPU.Build.0 = Debug|Any CPU
		{13877AB7-9879-4BBD-BDAC-80F1190794E6}.Release|Any CPU.ActiveCfg = Release|Any CPU
		{13877AB7-9879-4BBD-BDAC-80F1190794E6}.Release|Any CPU.Build.0 = Release|Any CPU
		{53B92141-E109-4927-A5C3-46BF71A0B676}.Debug|Any CPU.ActiveCfg = Debug|Any CPU
		{53B92141-E109-4927-A5C3-46BF71A0B676}.Debug|Any CPU.Build.0 = Debug|Any CPU
		{53B92141-E109-4927-A5C3-46BF71A0B676}.Release|Any CPU.ActiveCfg = Release|Any CPU
		{53B92141-E109-4927-A5C3-46BF71A0B676}.Release|Any CPU.Build.0 = Release|Any CPU
		{A06B5687-534E-489D-8DA6-53785FB86C47}.Debug|Any CPU.ActiveCfg = Debug|Any CPU
		{A06B5687-534E-489D-8DA6-53785FB86C47}.Debug|Any CPU.Build.0 = Debug|Any CPU
		{A06B5687-534E-489D-8DA6-53785FB86C47}.Release|Any CPU.ActiveCfg = Release|Any CPU
		{A06B5687-534E-489D-8DA6-53785FB86C47}.Release|Any CPU.Build.0 = Release|Any CPU
		{F28590E2-5153-467F-919A-1F77BAE0ABBD}.Debug|Any CPU.ActiveCfg = Debug|Any CPU
		{F28590E2-5153-467F-919A-1F77BAE0ABBD}.Debug|Any CPU.Build.0 = Debug|Any CPU
		{F28590E2-5153-467F-919A-1F77BAE0ABBD}.Release|Any CPU.ActiveCfg = Release|Any CPU
		{F28590E2-5153-467F-919A-1F77BAE0ABBD}.Release|Any CPU.Build.0 = Release|Any CPU
		{1BC19A22-EF62-4E52-ABB8-4E82640699E0}.Debug|Any CPU.ActiveCfg = Debug|Any CPU
		{1BC19A22-EF62-4E52-ABB8-4E82640699E0}.Debug|Any CPU.Build.0 = Debug|Any CPU
		{1BC19A22-EF62-4E52-ABB8-4E82640699E0}.Release|Any CPU.ActiveCfg = Release|Any CPU
		{1BC19A22-EF62-4E52-ABB8-4E82640699E0}.Release|Any CPU.Build.0 = Release|Any CPU
	EndGlobalSection
	GlobalSection(SolutionProperties) = preSolution
		HideSolutionNode = FALSE
	EndGlobalSection
	GlobalSection(ExtensibilityGlobals) = postSolution
		SolutionGuid = {E7ECE564-C9B4-481F-BF85-D2A079CD7FDE}
	EndGlobalSection
EndGlobal
